
Microsoft Visual Studio Solution File, Format Version 12.00
# Visual Studio Version 17
VisualStudioVersion = 17.3.32901.215
MinimumVisualStudioVersion = 10.0.40219.1
Project("{FAE04EC0-301F-11D3-BF4B-00C04F79EFBC}") = "MyFirstApp", "MyFirstApp\MyFirstApp.csproj", "{EB7A4409-D91E-4588-A28D-13D9383D4693}"
EndProject
Global
	GlobalSection(SolutionConfigurationPlatforms) = preSolution
		Debug|Any CPU = Debug|Any CPU
		Release|Any CPU = Release|Any CPU
	EndGlobalSection
	GlobalSection(ProjectConfigurationPlatforms) = postSolution
		{EB7A4409-D91E-4588-A28D-13D9383D4693}.Debug|Any CPU.ActiveCfg = Debug|Any CPU
		{EB7A4409-D91E-4588-A28D-13D9383D4693}.Debug|Any CPU.Build.0 = Debug|Any CPU
		{EB7A4409-D91E-4588-A28D-13D9383D4693}.Release|Any CPU.ActiveCfg = Release|Any CPU
		{EB7A4409-D91E-4588-A28D-13D9383D4693}.Release|Any CPU.Build.0 = Release|Any CPU
	EndGlobalSection
	GlobalSection(SolutionProperties) = preSolution
		HideSolutionNode = FALSE
	EndGlobalSection
	GlobalSection(ExtensibilityGlobals) = postSolution
		SolutionGuid = {93F70B03-0C95-4822-BC1A-DD5A407BC1D3}
	EndGlobalSection
EndGlobal
